
Microsoft Visual Studio Solution File, Format Version 12.00
# Visual Studio 14
VisualStudioVersion = 14.0.25420.1
MinimumVisualStudioVersion = 10.0.40219.1
Project("{FAE04EC0-301F-11D3-BF4B-00C04F79EFBC}") = "Exploring", "Exploring\Exploring.csproj", "{A57732F2-4645-48D7-AFC2-B7FB01DF7D9B}"
EndProject
Project("{FAE04EC0-301F-11D3-BF4B-00C04F79EFBC}") = "Exploring.Tests", "Exploring.Tests\Exploring.Tests.csproj", "{1179B226-60F8-4AC7-94D4-3F9C67D4CFB9}"
EndProject
Global
	GlobalSection(SolutionConfigurationPlatforms) = preSolution
		Debug|Any CPU = Debug|Any CPU
		Release|Any CPU = Release|Any CPU
	EndGlobalSection
	GlobalSection(ProjectConfigurationPlatforms) = postSolution
		{A57732F2-4645-48D7-AFC2-B7FB01DF7D9B}.Debug|Any CPU.ActiveCfg = Debug|Any CPU
		{A57732F2-4645-48D7-AFC2-B7FB01DF7D9B}.Debug|Any CPU.Build.0 = Debug|Any CPU
		{A57732F2-4645-48D7-AFC2-B7FB01DF7D9B}.Release|Any CPU.ActiveCfg = Release|Any CPU
		{A57732F2-4645-48D7-AFC2-B7FB01DF7D9B}.Release|Any CPU.Build.0 = Release|Any CPU
		{1179B226-60F8-4AC7-94D4-3F9C67D4CFB9}.Debug|Any CPU.ActiveCfg = Debug|Any CPU
		{1179B226-60F8-4AC7-94D4-3F9C67D4CFB9}.Debug|Any CPU.Build.0 = Debug|Any CPU
		{1179B226-60F8-4AC7-94D4-3F9C67D4CFB9}.Release|Any CPU.ActiveCfg = Release|Any CPU
		{1179B226-60F8-4AC7-94D4-3F9C67D4CFB9}.Release|Any CPU.Build.0 = Release|Any CPU
	EndGlobalSection
	GlobalSection(SolutionProperties) = preSolution
		HideSolutionNode = FALSE
	EndGlobalSection
EndGlobal
